
Microsoft Visual Studio Solution File, Format Version 12.00
# Visual Studio Version 17
VisualStudioVersion = 17.11.35222.181
MinimumVisualStudioVersion = 10.0.40219.1
Project("{FAE04EC0-301F-11D3-BF4B-00C04F79EFBC}") = "Tech_FIX_API", "Tech_FIX_API\Tech_FIX_API.csproj", "{6859ACD8-98E0-41A3-B2D2-E86A027ED789}"
EndProject
Project("{FAE04EC0-301F-11D3-BF4B-00C04F79EFBC}") = "TechFix_Supplier_Consumer", "TechFix_Supplier_Consumer\TechFix_Supplier_Consumer.csproj", "{B68E47C8-B485-46E8-85E7-5F9B8EECDB95}"
EndProject
Project("{FAE04EC0-301F-11D3-BF4B-00C04F79EFBC}") = "Tech_fix_Consumer_Admin", "Tech_fix_Consumer_Admin\Tech_fix_Consumer_Admin.csproj", "{8368DB60-9CEE-4F85-908B-2EFA0F4E0268}"
EndProject
Global
	GlobalSection(SolutionConfigurationPlatforms) = preSolution
		Debug|Any CPU = Debug|Any CPU
		Release|Any CPU = Release|Any CPU
	EndGlobalSection
	GlobalSection(ProjectConfigurationPlatforms) = postSolution
		{6859ACD8-98E0-41A3-B2D2-E86A027ED789}.Debug|Any CPU.ActiveCfg = Debug|Any CPU
		{6859ACD8-98E0-41A3-B2D2-E86A027ED789}.Debug|Any CPU.Build.0 = Debug|Any CPU
		{6859ACD8-98E0-41A3-B2D2-E86A027ED789}.Release|Any CPU.ActiveCfg = Release|Any CPU
		{6859ACD8-98E0-41A3-B2D2-E86A027ED789}.Release|Any CPU.Build.0 = Release|Any CPU
		{B68E47C8-B485-46E8-85E7-5F9B8EECDB95}.Debug|Any CPU.ActiveCfg = Debug|Any CPU
		{B68E47C8-B485-46E8-85E7-5F9B8EECDB95}.Debug|Any CPU.Build.0 = Debug|Any CPU
		{B68E47C8-B485-46E8-85E7-5F9B8EECDB95}.Release|Any CPU.ActiveCfg = Release|Any CPU
		{B68E47C8-B485-46E8-85E7-5F9B8EECDB95}.Release|Any CPU.Build.0 = Release|Any CPU
		{8368DB60-9CEE-4F85-908B-2EFA0F4E0268}.Debug|Any CPU.ActiveCfg = Debug|Any CPU
		{8368DB60-9CEE-4F85-908B-2EFA0F4E0268}.Debug|Any CPU.Build.0 = Debug|Any CPU
		{8368DB60-9CEE-4F85-908B-2EFA0F4E0268}.Release|Any CPU.ActiveCfg = Release|Any CPU
		{8368DB60-9CEE-4F85-908B-2EFA0F4E0268}.Release|Any CPU.Build.0 = Release|Any CPU
	EndGlobalSection
	GlobalSection(SolutionProperties) = preSolution
		HideSolutionNode = FALSE
	EndGlobalSection
	GlobalSection(ExtensibilityGlobals) = postSolution
		SolutionGuid = {9FCCFE3F-593D-49ED-95C6-84A9F12BF6C9}
	EndGlobalSection
EndGlobal
